{
  "nodes": {
    "claude-code-nix": {
      "inputs": {
        "flake-utils": "flake-utils",
        "nixpkgs": "nixpkgs"
      },
      "locked": {
        "lastModified": 1775174900,
        "narHash": "sha256-Tb/CH58JcTv4hx7LFSLDHPpdEJLKXwoNM1yVOC2mh7k=",
        "owner": "sadjow",
        "repo": "claude-code-nix",
        "rev": "9f95558d85c36bf37132889f4c5456284f7fe8e4",
        "type": "github"
      },
      "original": {
        "owner": "sadjow",
        "repo": "claude-code-nix",
        "type": "github"
      }
    },
    "claude-desktop": {
      "inputs": {
        "flake-parts": "flake-parts",
        "nixpkgs": "nixpkgs_2"
      },
      "locked": {
        "lastModified": 1775219845,
        "narHash": "sha256-5haZVuETPKLzsFlRWB9h9C7yT1PNcmoC7RPJKUxcHk4=",
        "owner": "aaddrick",
        "repo": "claude-desktop-debian",
        "rev": "631e703d7167c70d6bfbdb1416a05fd356ff0f6a",
        "type": "github"
      },
      "original": {
        "owner": "aaddrick",
        "repo": "claude-desktop-debian",
        "type": "github"
      }
    },
    "flake-parts": {
      "inputs": {
        "nixpkgs-lib": "nixpkgs-lib"
      },
      "locked": {
        "lastModified": 1772408722,
        "narHash": "sha256-rHuJtdcOjK7rAHpHphUb1iCvgkU3GpfvicLMwwnfMT0=",
        "owner": "hercules-ci",
        "repo": "flake-parts",
        "rev": "f20dc5d9b8027381c474144ecabc9034d6a839a3",
        "type": "github"
      },
      "original": {
        "owner": "hercules-ci",
        "repo": "flake-parts",
        "type": "github"
      }
    },
    "flake-utils": {
      "inputs": {
        "systems": "systems"
      },
      "locked": {
        "lastModified": 1731533236,
        "narHash": "sha256-l0KFg5HjrsfsO/JpG+r7fRrqm12kzFHyUHqHCVpMMbI=",
        "owner": "numtide",
        "repo": "flake-utils",
        "rev": "11707dc2f618dd54ca8739b309ec4fc024de578b",
        "type": "github"
      },
      "original": {
        "owner": "numtide",
        "repo": "flake-utils",
        "type": "github"
      }
    },
    "home-manager": {
      "inputs": {
        "nixpkgs": [
          "nixpkgs"
        ]
      },
      "locked": {
        "lastModified": 1775223910,
        "narHash": "sha256-QRdehpSKTttlZe0oY2n5OCfZeCMrHkKNlWF1LJzO9tY=",
        "owner": "nix-community",
        "repo": "home-manager",
        "rev": "f68887a4c11e662b0eb0323d34b3fb9506226719",
        "type": "github"
      },
      "original": {
        "owner": "nix-community",
        "repo": "home-manager",
        "type": "github"
      }
    },
    "nixpkgs": {
      "locked": {
        "lastModified": 1775095191,
        "narHash": "sha256-CsqRiYbgQyv01LS0NlC7shwzhDhjNDQSrhBX8VuD3nM=",
        "owner": "NixOS",
        "repo": "nixpkgs",
        "rev": "106eb93cbb9d4e4726bf6bc367a3114f7ed6b32f",
        "type": "github"
      },
      "original": {
        "owner": "NixOS",
        "ref": "nixpkgs-unstable",
        "repo": "nixpkgs",
        "type": "github"
      }
    },
    "nixpkgs-anki": {
      "locked": {
        "lastModified": 1760934318,
        "narHash": "sha256-/oUYsC0lUCBory65VK+UHqCCsCspbL1Vgfcf1KUYqVw=",
        "owner": "nixos",
        "repo": "nixpkgs",
        "rev": "87848bf0cc4f87717fc813a4575f07330c3e743c",
        "type": "github"
      },
      "original": {
        "owner": "nixos",
        "repo": "nixpkgs",
        "rev": "87848bf0cc4f87717fc813a4575f07330c3e743c",
        "type": "github"
      }
    },
    "nixpkgs-lib": {
      "locked": {
        "lastModified": 1772328832,
        "narHash": "sha256-e+/T/pmEkLP6BHhYjx6GmwP5ivonQQn0bJdH9YrRB+Q=",
        "owner": "nix-community",
        "repo": "nixpkgs.lib",
        "rev": "c185c7a5e5dd8f9add5b2f8ebeff00888b070742",
        "type": "github"
      },
      "original": {
        "owner": "nix-community",
        "repo": "nixpkgs.lib",
        "type": "github"
      }
    },
    "nixpkgs_2": {
      "locked": {
        "lastModified": 1774855581,
        "narHash": "sha256-YkreHeMgTCYvJ5fESV0YyqQK49bHGe2B51tH6claUh4=",
        "owner": "nixos",
        "repo": "nixpkgs",
        "rev": "15c6719d8c604779cf59e03c245ea61d3d7ab69b",
        "type": "github"
      },
      "original": {
        "owner": "nixos",
        "ref": "nixpkgs-unstable",
        "repo": "nixpkgs",
        "type": "github"
      }
    },
    "nixpkgs_3": {
      "locked": {
        "lastModified": 1775036866,
        "narHash": "sha256-ZojAnPuCdy657PbTq5V0Y+AHKhZAIwSIT2cb8UgAz/U=",
        "owner": "nixos",
        "repo": "nixpkgs",
        "rev": "6201e203d09599479a3b3450ed24fa81537ebc4e",
        "type": "github"
      },
      "original": {
        "owner": "nixos",
        "ref": "nixos-unstable",
        "repo": "nixpkgs",
        "type": "github"
      }
    },
    "root": {
      "inputs": {
        "claude-code-nix": "claude-code-nix",
        "claude-desktop": "claude-desktop",
        "home-manager": "home-manager",
        "nixpkgs": "nixpkgs_3",
        "nixpkgs-anki": "nixpkgs-anki"
      }
    },
    "systems": {
      "locked": {
        "lastModified": 1681028828,
        "narHash": "sha256-Vy1rq5AaRuLzOxct8nz4T6wlgyUR7zLU309k9mBC768=",
        "owner": "nix-systems",
        "repo": "default",
        "rev": "da67096a3b9bf56a91d16901293e51ba5b49a27e",
        "type": "github"
      },
      "original": {
        "owner": "nix-systems",
        "repo": "default",
        "type": "github"
      }
    }
  },
  "root": "root",
  "version": 7
}
